github.com/davecgh/go-spew v1.1.2-0.20180830191138-d8f796af33cc h1:U9qPSI2PIWSS1VwoXQT9A3Wy9MM3WgvqSxFWenqJduM=
github.com/davecgh/go-spew v1.1.2-0.20180830191138-d8f796af33cc/go.mod h1:J7Y8YcW2NihsgmVo/mv3lAwl/skON4iLHjSsI+c5H38=
github.com/decred/dcrd/crypto/blake256 v1.0.0/go.mod h1:sQl2p6Y26YV+ZOcSTP6thNdn47hh8kt6rqSlvmrXFAc=
github.com/decred/dcrd/dcrec/secp256k1/v4 v4.0.1 h1:YLtO71vCjJRCBcrPMtQ9nqBsqpA1m5sE92cU+pd5Mcc=
github.com/decred/dcrd/dcrec/secp256k1/v4 v4.0.1/go.mod h1:hyedUtir6IdtD/7lIxGeCxkaw7y45JueMRL4DIyJDKs=
github.com/ethereum/go-ethereum v1.16.4 h1:H6dU0r2p/amA7cYg6zyG9Nt2JrKKH6oX2utfcqrSpkQ=
github.com/ethereum/go-ethereum v1.16.4/go.mod h1:P7551slMFbjn2zOQaKrJShZVN/d8bGxp4/I6yZVlb5w=
github.com/ethereum/go-ethereum v1.17.2 h1:ag6geu0kn8Hv5FLKTpH+Hm2DHD+iuFtuqKxEuwUsDOI=
github.com/ethereum/go-ethereum v1.17.2/go.mod h1:KHcRXfGOUfUmKg51IhQ0IowiqZ6PqZf08CMtk0g5K1o=
github.com/go-viper/mapstructure/v2 v2.4.0 h1:EBsztssimR/CONLSZZ04E8qAkxNYq4Qp9LvH92wZUgs=
github.com/go-viper/mapstructure/v2 v2.4.0/go.mod h1:oJDH3BJKyqBA2TXFhDsKDGDTlndYOZ6rGS0BRZIxGhM=
github.com/holiman/uint256 v1.3.2 h1:a9EgMPSC1AAaj1SZL5zIQD3WbwTuHrMGOerLjGmM/TA=
github.com/holiman/uint256 v1.3.2/go.mod h1:EOMSn4q6Nyt9P6efbI3bueV4e1b3dGlUCXeiRV4ng7E=
github.com/pmezard/go-difflib v1.0.1-0.20181226105442-5d4384ee4fb2 h1:Jamvg5psRIccs7FGNTlIRMkT8wgtp5eCXdBlqhYGL6U=
github.com/pmezard/go-difflib v1.0.1-0.20181226105442-5d4384ee4fb2/go.mod h1:iKH77koFhYxTK1pcRnkKkqfTogsbg7gZNVY4sRDYZ/4=
github.com/shopspring/decimal v1.4.0 h1:bxl37RwXBklmTi0C79JfXCEBD1cqqHt0bbgBAGFp81k=
github.com/shopspring/decimal v1.4.0/go.mod h1:gawqmDU56v4yIKSwfBSFip1HdCCXN8/+DMd9qYNcwME=
github.com/smartcontractkit/chainlink-protos/cre/go v0.0.0-20250918131840-564fe2776a35 h1:hhKdzgNZT+TnohlmJODtaxlSk+jyEO79YNe8zLFtp78=
github.com/smartcontractkit/chainlink-protos/cre/go v0.0.0-20250918131840-564fe2776a35/go.mod h1:jUC52kZzEnWF9tddHh85zolKybmLpbQ1oNA4FjOHt1Q=
github.com/smartcontractkit/chainlink-protos/cre/go v0.0.0-20260521152427-d3f6dc93de42 h1:tyEgGOaYa7PBsmDIIvctOQPUc5c4Jtd/p4X1i96K+yo=
github.com/smartcontractkit/chainlink-protos/cre/go v0.0.0-20260521152427-d3f6dc93de42/go.mod h1:vTFHTCbLui4Vn8fTmAadfE3rdnvfrDwOmMujmW857D0=
github.com/smartcontractkit/cre-sdk-go v0.10.0 h1:ZKQaTKa027R8Px30NezXauMaf0toUKeUiOEj+yc67Bg=
github.com/smartcontractkit/cre-sdk-go v0.10.0/go.mod h1:CQY8hCISjctPmt8ViDVgFm4vMGLs5fYI198QhkBS++Y=
github.com/smartcontractkit/cre-sdk-go v1.0.0-beta.0 h1:gn590TowprDRpqN5XqZKWJn4F7SbMAXqTavtoPKFZGw=
github.com/smartcontractkit/cre-sdk-go v1.0.0-beta.0/go.mod h1:CQY8hCISjctPmt8ViDVgFm4vMGLs5fYI198QhkBS++Y=
github.com/smartcontractkit/cre-sdk-go/capabilities/blockchain/evm v0.10.0 h1:G0w0cLzHy/5m74IzSGz1Ynjffym4ZxLeUrRLp8EFP5w=
github.com/smartcontractkit/cre-sdk-go/capabilities/blockchain/evm v0.10.0/go.mod h1:VVJ4mvA7wOU1Ic5b/vTaBMHEUysyxd0gdPPXkAu8CmY=
github.com/smartcontractkit/cre-sdk-go/capabilities/blockchain/evm v1.0.0-beta.0 h1:t2bzRHnqkyxvcrJKSsKPmCGLMjGO97ESgrtLCnTIEQw=
github.com/smartcontractkit/cre-sdk-go/capabilities/blockchain/evm v1.0.0-beta.0/go.mod h1:VVJ4mvA7wOU1Ic5b/vTaBMHEUysyxd0gdPPXkAu8CmY=
github.com/smartcontractkit/cre-sdk-go/capabilities/scheduler/cron v0.9.0 h1:BWqX7Cnd6VnhHEpjfrQGEajPtAwqH4MH0D7o3iEPvvU=
github.com/smartcontractkit/cre-sdk-go/capabilities/scheduler/cron v0.9.0/go.mod h1:PWyrIw16It4TSyq6mDXqmSR0jF2evZRKuBxu7pK1yDw=
github.com/smartcontractkit/cre-sdk-go/capabilities/scheduler/cron v0.10.0 h1:g7UrVaNKVEmIhVkJTk4f8raCM8Kp/RTFnAT64wqNmTY=
github.com/smartcontractkit/cre-sdk-go/capabilities/scheduler/cron v0.10.0/go.mod h1:PWyrIw16It4TSyq6mDXqmSR0jF2evZRKuBxu7pK1yDw=
github.com/stretchr/testify v1.11.1 h1:7s2iGBzp5EwR7/aIZr8ao5+dra3wiQyKjjFuvgVKu7U=
github.com/stretchr/testify v1.11.1/go.mod h1:wZwfW3scLgRK+23gO65QZefKpKQRnfz6sD981Nm4B6U=
golang.org/x/crypto v0.36.0 h1:AnAEvhDddvBdpY+uR+MyHmuZzzNqXSe/GvuDeob5L34=
golang.org/x/crypto v0.36.0/go.mod h1:Y4J0ReaxCR1IMaabaSMugxJES1EpwhBHhv2bDHklZvc=
golang.org/x/sys v0.36.0 h1:KVRy2GtZBrk1cBYA7MKu5bEZFxQk4NIDV6RLVcC8o0k=
golang.org/x/sys v0.36.0/go.mod h1:OgkHotnGiDImocRcuBABYBEXf8A9a87e/uXjp9XT3ks=
golang.org/x/sys v0.41.0 h1:Ivj+2Cp/ylzLiEU89QhWblYnOE9zerudt9Ftecq2C6k=
golang.org/x/sys v0.41.0/go.mod h1:OgkHotnGiDImocRcuBABYBEXf8A9a87e/uXjp9XT3ks=
google.golang.org/protobuf v1.36.7 h1:IgrO7UwFQGJdRNXH/sQux4R1Dj1WAKcLElzeeRaXV2A=
google.golang.org/protobuf v1.36.7/go.mod h1:jduwjTPXsFjZGTmRluh+L6NjiWu7pchiJ2/5YcXBHnY=
google.golang.org/protobuf v1.36.11 h1:fV6ZwhNocDyBLK0dj+fg8ektcVegBBuEolpbTQyBNVE=
google.golang.org/protobuf v1.36.11/go.mod h1:HTf+CrKn2C3g5S8VImy6tdcUvCska2kB7j23XfzDpco=
gopkg.in/yaml.v3 v3.0.1 h1:fxVm/GzAzEWqLHuvctI91KS9hhNmmWOoWu0XTYJS7CA=
gopkg.in/yaml.v3 v3.0.1/go.mod h1:K4uyk7z7BCEPqu6E+C64Yfv1cQ7kz7rIZviUmN+EgEM=
